
Microsoft Visual Studio Solution File, Format Version 12.00
# Visual Studio Version 16
VisualStudioVersion = 16.0.29806.167
MinimumVisualStudioVersion = 10.0.40219.1
Project("{FAE04EC0-301F-11D3-BF4B-00C04F79EFBC}") = "HostWCF", "HostWCF\HostWCF.csproj", "{59A9829B-469D-475A-977E-ADD02D520E48}"
EndProject
Project("{FAE04EC0-301F-11D3-BF4B-00C04F79EFBC}") = "ObjectPhotos", "ObjectPhotos\ObjectPhotos.csproj", "{F9FCBEEA-6D3D-4237-9CE5-62CCAE1C00FD}"
EndProject
Project("{FAE04EC0-301F-11D3-BF4B-00C04F79EFBC}") = "PhotosApi", "PhotosApi\PhotosApi.csproj", "{59B0F4AB-18C0-4B76-815F-ECCE015DDD0F}"
EndProject
Project("{FAE04EC0-301F-11D3-BF4B-00C04F79EFBC}") = "MyPhotosGui", "MyPhotosGui\MyPhotosGui.csproj", "{480AEBC5-F5B9-4D1C-9239-DC7F40BEB527}"
EndProject
Project("{FAE04EC0-301F-11D3-BF4B-00C04F79EFBC}") = "RazorPagesPhotos", "RazorPagesPhotos\RazorPagesPhotos.csproj", "{1ED98032-DB42-4825-AE4C-CE4F1F29F108}"
EndProject
Global
	GlobalSection(SolutionConfigurationPlatforms) = preSolution
		Debug|Any CPU = Debug|Any CPU
		Release|Any CPU = Release|Any CPU
	EndGlobalSection
	GlobalSection(ProjectConfigurationPlatforms) = postSolution
		{59A9829B-469D-475A-977E-ADD02D520E48}.Debug|Any CPU.ActiveCfg = Debug|Any CPU
		{59A9829B-469D-475A-977E-ADD02D520E48}.Debug|Any CPU.Build.0 = Debug|Any CPU
		{59A9829B-469D-475A-977E-ADD02D520E48}.Release|Any CPU.ActiveCfg = Release|Any CPU
		{59A9829B-469D-475A-977E-ADD02D520E48}.Release|Any CPU.Build.0 = Release|Any CPU
		{F9FCBEEA-6D3D-4237-9CE5-62CCAE1C00FD}.Debug|Any CPU.ActiveCfg = Debug|Any CPU
		{F9FCBEEA-6D3D-4237-9CE5-62CCAE1C00FD}.Debug|Any CPU.Build.0 = Debug|Any CPU
		{F9FCBEEA-6D3D-4237-9CE5-62CCAE1C00FD}.Release|Any CPU.ActiveCfg = Release|Any CPU
		{F9FCBEEA-6D3D-4237-9CE5-62CCAE1C00FD}.Release|Any CPU.Build.0 = Release|Any CPU
		{59B0F4AB-18C0-4B76-815F-ECCE015DDD0F}.Debug|Any CPU.ActiveCfg = Debug|Any CPU
		{59B0F4AB-18C0-4B76-815F-ECCE015DDD0F}.Debug|Any CPU.Build.0 = Debug|Any CPU
		{59B0F4AB-18C0-4B76-815F-ECCE015DDD0F}.Release|Any CPU.ActiveCfg = Release|Any CPU
		{59B0F4AB-18C0-4B76-815F-ECCE015DDD0F}.Release|Any CPU.Build.0 = Release|Any CPU
		{480AEBC5-F5B9-4D1C-9239-DC7F40BEB527}.Debug|Any CPU.ActiveCfg = Debug|Any CPU
		{480AEBC5-F5B9-4D1C-9239-DC7F40BEB527}.Debug|Any CPU.Build.0 = Debug|Any CPU
		{480AEBC5-F5B9-4D1C-9239-DC7F40BEB527}.Release|Any CPU.ActiveCfg = Release|Any CPU
		{480AEBC5-F5B9-4D1C-9239-DC7F40BEB527}.Release|Any CPU.Build.0 = Release|Any CPU
		{1ED98032-DB42-4825-AE4C-CE4F1F29F108}.Debug|Any CPU.ActiveCfg = Debug|Any CPU
		{1ED98032-DB42-4825-AE4C-CE4F1F29F108}.Debug|Any CPU.Build.0 = Debug|Any CPU
		{1ED98032-DB42-4825-AE4C-CE4F1F29F108}.Release|Any CPU.ActiveCfg = Release|Any CPU
		{1ED98032-DB42-4825-AE4C-CE4F1F29F108}.Release|Any CPU.Build.0 = Release|Any CPU
	EndGlobalSection
	GlobalSection(SolutionProperties) = preSolution
		HideSolutionNode = FALSE
	EndGlobalSection
	GlobalSection(ExtensibilityGlobals) = postSolution
		SolutionGuid = {D1E995B4-9A47-483B-854E-6C632B6B025C}
	EndGlobalSection
EndGlobal
